
Microsoft Visual Studio Solution File, Format Version 12.00
# Visual Studio Version 17
VisualStudioVersion = 17.4.33110.190
MinimumVisualStudioVersion = 10.0.40219.1
Project("{FAE04EC0-301F-11D3-BF4B-00C04F79EFBC}") = "LifeStyle", "LifeStyle\LifeStyle.csproj", "{7048D767-7BB7-40BC-B0B8-E42E9C703FD5}"
EndProject
Project("{FAE04EC0-301F-11D3-BF4B-00C04F79EFBC}") = "Core", "Core\Core.csproj", "{26CB4C41-F70B-4215-A5D1-2EC771F758D5}"
EndProject
Global
	GlobalSection(SolutionConfigurationPlatforms) = preSolution
		Debug|Any CPU = Debug|Any CPU
		Release|Any CPU = Release|Any CPU
	EndGlobalSection
	GlobalSection(ProjectConfigurationPlatforms) = postSolution
		{7048D767-7BB7-40BC-B0B8-E42E9C703FD5}.Debug|Any CPU.ActiveCfg = Debug|Any CPU
		{7048D767-7BB7-40BC-B0B8-E42E9C703FD5}.Debug|Any CPU.Build.0 = Debug|Any CPU
		{7048D767-7BB7-40BC-B0B8-E42E9C703FD5}.Release|Any CPU.ActiveCfg = Release|Any CPU
		{7048D767-7BB7-40BC-B0B8-E42E9C703FD5}.Release|Any CPU.Build.0 = Release|Any CPU
		{26CB4C41-F70B-4215-A5D1-2EC771F758D5}.Debug|Any CPU.ActiveCfg = Debug|Any CPU
		{26CB4C41-F70B-4215-A5D1-2EC771F758D5}.Debug|Any CPU.Build.0 = Debug|Any CPU
		{26CB4C41-F70B-4215-A5D1-2EC771F758D5}.Release|Any CPU.ActiveCfg = Release|Any CPU
		{26CB4C41-F70B-4215-A5D1-2EC771F758D5}.Release|Any CPU.Build.0 = Release|Any CPU
	EndGlobalSection
	GlobalSection(SolutionProperties) = preSolution
		HideSolutionNode = FALSE
	EndGlobalSection
	GlobalSection(ExtensibilityGlobals) = postSolution
		SolutionGuid = {864E1B11-C693-4ADF-A82C-B1C2A292083B}
	EndGlobalSection
EndGlobal
